Microsoft Visual Studio Solution File, Format Version 12.00
# Visual Studio 2012
Project("{FAE04EC0-301F-11D3-BF4B-00C04F79EFBC}") = "Pong 2", "Pong 2.csproj", "{04280E5F-46B7-4F26-99E4-1D66A8D6D97C}"
EndProject
Global
	GlobalSection(SolutionConfigurationPlatforms) = preSolution
	Debug|Any CPU = Debug|Any CPU
	ExportDebug|Any CPU = ExportDebug|Any CPU
	ExportRelease|Any CPU = ExportRelease|Any CPU
	EndGlobalSection
	GlobalSection(ProjectConfigurationPlatforms) = postSolution
		{04280E5F-46B7-4F26-99E4-1D66A8D6D97C}.Debug|Any CPU.ActiveCfg = Debug|Any CPU
		{04280E5F-46B7-4F26-99E4-1D66A8D6D97C}.Debug|Any CPU.Build.0 = Debug|Any CPU
		{04280E5F-46B7-4F26-99E4-1D66A8D6D97C}.ExportDebug|Any CPU.ActiveCfg = ExportDebug|Any CPU
		{04280E5F-46B7-4F26-99E4-1D66A8D6D97C}.ExportDebug|Any CPU.Build.0 = ExportDebug|Any CPU
		{04280E5F-46B7-4F26-99E4-1D66A8D6D97C}.ExportRelease|Any CPU.ActiveCfg = ExportRelease|Any CPU
		{04280E5F-46B7-4F26-99E4-1D66A8D6D97C}.ExportRelease|Any CPU.Build.0 = ExportRelease|Any CPU
	EndGlobalSection
EndGlobal
